<?xml version="1.0" encoding="utf-8"?>
<Project ToolsVersion="4.0" xmlns="http://schemas.microsoft.com/developer/msbuild/2003">
  <ItemGroup>
    <Filter Include="Source Files">
      <UniqueIdentifier>{4FC737F1-C7A5-4376-A066-2A32D752A2FF}</UniqueIdentifier>
      <Extensions>cpp;c;cc;cxx;c++;cppm;ixx;def;odl;idl;hpj;bat;asm;asmx</Extensions>
    </Filter>
    <Filter Include="Header Files">
      <UniqueIdentifier>{93995380-89BD-4b04-88EB-625FBE52EBFB}</UniqueIdentifier>
      <Extensions>h;hh;hpp;hxx;h++;hm;inl;inc;ipp;xsd</Extensions>
    </Filter>
    <Filter Include="Resource Files">
      <UniqueIdentifier>{67DA6AB6-F800-4c08-8B7A-83BB121AAD01}</UniqueIdentifier>
      <Extensions>rc;ico;cur;bmp;dlg;rc2;rct;bin;rgs;gif;jpg;jpeg;jpe;resx;tiff;tif;png;wav;mfcribbon-ms</Extensions>
    </Filter>
  </ItemGroup>
  <ItemGroup>
    <None Include="README.md" />
    <None Include="LICENSE" />
    <None Include=".gitignore" />
    <None Include=".gitattributes" />
    <None Include=".editorconfig" />
    <None Include=".gitmodules" />
  </ItemGroup>
  <ItemGroup>
    <ClCompile Include="src\PPU.ixx">
      <Filter>Source Files</Filter>
    </ClCompile>
    <ClCompile Include="src\PPU.cpp">
      <Filter>Source Files</Filter>
    </ClCompile>
    <ClCompile Include="src\GBA.ixx">
      <Filter>Source Files</Filter>
    </ClCompile>
    <ClCompile Include="src\Bus.ixx">
      <Filter>Source Files</Filter>
    </ClCompile>
    <ClCompile Include="src\Bus.cpp">
      <Filter>Source Files</Filter>
    </ClCompile>
    <ClCompile Include="src\Bios.ixx">
      <Filter>Source Files</Filter>
    </ClCompile>
    <ClCompile Include="src\cpu\ARM.cpp">
      <Filter>Source Files</Filter>
    </ClCompile>
    <ClCompile Include="src\cpu\CPU.cpp">
      <Filter>Source Files</Filter>
    </ClCompile>
    <ClCompile Include="src\cpu\CPU.ixx">
      <Filter>Source Files</Filter>
    </ClCompile>
    <ClCompile Include="src\cpu\Exceptions.cpp">
      <Filter>Source Files</Filter>
    </ClCompile>
    <ClCompile Include="src\cpu\THUMB.cpp">
      <Filter>Source Files</Filter>
    </ClCompile>
    <ClCompile Include="src\Main.cpp">
      <Filter>Source Files</Filter>
    </ClCompile>
    <ClCompile Include="external\EmuUtils\src\Bit.ixx">
      <Filter>Source Files</Filter>
    </ClCompile>
    <ClCompile Include="external\EmuUtils\src\Files.ixx">
      <Filter>Source Files</Filter>
    </ClCompile>
    <ClCompile Include="external\EmuUtils\src\Host.ixx">
      <Filter>Source Files</Filter>
    </ClCompile>
    <ClCompile Include="external\EmuUtils\src\Misc.ixx">
      <Filter>Source Files</Filter>
    </ClCompile>
    <ClCompile Include="external\EmuUtils\src\NumericalTypes.ixx">
      <Filter>Source Files</Filter>
    </ClCompile>
    <ClCompile Include="external\EmuUtils\src\SerializationStream.ixx">
      <Filter>Source Files</Filter>
    </ClCompile>
    <ClCompile Include="external\EmuUtils\src\SSE.cpp">
      <Filter>Source Files</Filter>
    </ClCompile>
    <ClCompile Include="external\EmuUtils\src\SSE.ixx">
      <Filter>Source Files</Filter>
    </ClCompile>
    <ClCompile Include="external\EmuUtils\src\Util.ixx">
      <Filter>Source Files</Filter>
    </ClCompile>
    <ClCompile Include="src\Cartridge.ixx">
      <Filter>Source Files</Filter>
    </ClCompile>
    <ClCompile Include="src\Cartridge.cpp">
      <Filter>Source Files</Filter>
    </ClCompile>
    <ClCompile Include="src\Timers.cpp">
      <Filter>Source Files</Filter>
    </ClCompile>
    <ClCompile Include="src\Timers.ixx">
      <Filter>Source Files</Filter>
    </ClCompile>
    <ClCompile Include="src\DMA.ixx">
      <Filter>Source Files</Filter>
    </ClCompile>
    <ClCompile Include="src\DMA.cpp">
      <Filter>Source Files</Filter>
    </ClCompile>
  </ItemGroup>
</Project>